// !$*UTF8*$!
{
	archiveVersion = 1;
	classes = {
	};
	objectVersion = 46;
	objects = {

/* Begin PBXBuildFile section */
		280ABE381C9A4C9100773A63 /* NSObject+JJCUK.m in Sources */ = {isa = PBXBuildFile; fileRef = 280ABE271C9A4C9100773A63 /* NSObject+JJCUK.m */; };
		280ABE391C9A4C9100773A63 /* JJCUKBaseFunction.m in Sources */ = {isa = PBXBuildFile; fileRef = 280ABE2A1C9A4C9100773A63 /* JJCUKBaseFunction.m */; };
		280ABE3A1C9A4C9100773A63 /* JJCUKHashTableComponentsFunction.m in Sources */ = {isa = PBXBuildFile; fileRef = 280ABE2C1C9A4C9100773A63 /* JJCUKHashTableComponentsFunction.m */; };
		280ABE3B1C9A4C9100773A63 /* JJCUKHashTableViewFunction.m in Sources */ = {isa = PBXBuildFile; fileRef = 280ABE2E1C9A4C9100773A63 /* JJCUKHashTableViewFunction.m */; };
		280ABE3C1C9A4C9100773A63 /* JJCUKMapTableComponentsFunction.m in Sources */ = {isa = PBXBuildFile; fileRef = 280ABE301C9A4C9100773A63 /* JJCUKMapTableComponentsFunction.m */; };
		280ABE3D1C9A4C9100773A63 /* JJComponentUpdateKitManager.m in Sources */ = {isa = PBXBuildFile; fileRef = 280ABE341C9A4C9100773A63 /* JJComponentUpdateKitManager.m */; };
		280ABE3E1C9A4C9100773A63 /* UIView+JJCUK.m in Sources */ = {isa = PBXBuildFile; fileRef = 280ABE371C9A4C9100773A63 /* UIView+JJCUK.m */; };
/* End PBXBuildFile section */

/* Begin PBXCopyFilesBuildPhase section */
		280ABE141C9A4B6400773A63 /* CopyFiles */ = {
			isa = PBXCopyFilesBuildPhase;
			buildActionMask = 2147483647;
			dstPath = "include/$(PRODUCT_NAME)";
			dstSubfolderSpec = 16;
			files = (
			);
			runOnlyForDeploymentPostprocessing = 0;
		};
/* End PBXCopyFilesBuildPhase section */

/* Begin PBXFileReference section */
		280ABE161C9A4B6400773A63 /* libJJComponentUpdateKit.a */ = {isa = PBXFileReference; explicitFileType = archive.ar; includeInIndex = 0; path = libJJComponentUpdateKit.a; sourceTree = BUILT_PRODUCTS_DIR; };
		280ABE241C9A4C9100773A63 /* JJCUKComponentDataSource.h */ = {isa = PBXFileReference; fileEncoding = 4; lastKnownFileType = sourcecode.c.h; path = JJCUKComponentDataSource.h; sourceTree = "<group>"; };
		280ABE251C9A4C9100773A63 /* JJCUKComponentDelegate.h */ = {isa = PBXFileReference; fileEncoding = 4; lastKnownFileType = sourcecode.c.h; path = JJCUKComponentDelegate.h; sourceTree = "<group>"; };
		280ABE261C9A4C9100773A63 /* NSObject+JJCUK.h */ = {isa = PBXFileReference; fileEncoding = 4; lastKnownFileType = sourcecode.c.h; path = "NSObject+JJCUK.h"; sourceTree = "<group>"; };
		280ABE271C9A4C9100773A63 /* NSObject+JJCUK.m */ = {isa = PBXFileReference; fileEncoding = 4; lastKnownFileType = sourcecode.c.objc; path = "NSObject+JJCUK.m"; sourceTree = "<group>"; };
		280ABE291C9A4C9100773A63 /* JJCUKBaseFunction.h */ = {isa = PBXFileReference; fileEncoding = 4; lastKnownFileType = sourcecode.c.h; path = JJCUKBaseFunction.h; sourceTree = "<group>"; };
		280ABE2A1C9A4C9100773A63 /* JJCUKBaseFunction.m */ = {isa = PBXFileReference; fileEncoding = 4; lastKnownFileType = sourcecode.c.objc; path = JJCUKBaseFunction.m; sourceTree = "<group>"; };
		280ABE2B1C9A4C9100773A63 /* JJCUKHashTableComponentsFunction.h */ = {isa = PBXFileReference; fileEncoding = 4; lastKnownFileType = sourcecode.c.h; path = JJCUKHashTableComponentsFunction.h; sourceTree = "<group>"; };
		280ABE2C1C9A4C9100773A63 /* JJCUKHashTableComponentsFunction.m */ = {isa = PBXFileReference; fileEncoding = 4; lastKnownFileType = sourcecode.c.objc; path = JJCUKHashTableComponentsFunction.m; sourceTree = "<group>"; };
		280ABE2D1C9A4C9100773A63 /* JJCUKHashTableViewFunction.h */ = {isa = PBXFileReference; fileEncoding = 4; lastKnownFileType = sourcecode.c.h; path = JJCUKHashTableViewFunction.h; sourceTree = "<group>"; };
		280ABE2E1C9A4C9100773A63 /* JJCUKHashTableViewFunction.m */ = {isa = PBXFileReference; fileEncoding = 4; lastKnownFileType = sourcecode.c.objc; path = JJCUKHashTableViewFunction.m; sourceTree = "<group>"; };
		280ABE2F1C9A4C9100773A63 /* JJCUKMapTableComponentsFunction.h */ = {isa = PBXFileReference; fileEncoding = 4; lastKnownFileType = sourcecode.c.h; path = JJCUKMapTableComponentsFunction.h; sourceTree = "<group>"; };
		280ABE301C9A4C9100773A63 /* JJCUKMapTableComponentsFunction.m */ = {isa = PBXFileReference; fileEncoding = 4; lastKnownFileType = sourcecode.c.objc; path = JJCUKMapTableComponentsFunction.m; sourceTree = "<group>"; };
		280ABE311C9A4C9100773A63 /* JJComponentUpdateKit.h */ = {isa = PBXFileReference; fileEncoding = 4; lastKnownFileType = sourcecode.c.h; path = JJComponentUpdateKit.h; sourceTree = "<group>"; };
		280ABE331C9A4C9100773A63 /* JJComponentUpdateKitManager.h */ = {isa = PBXFileReference; fileEncoding = 4; lastKnownFileType = sourcecode.c.h; path = JJComponentUpdateKitManager.h; sourceTree = "<group>"; };
		280ABE341C9A4C9100773A63 /* JJComponentUpdateKitManager.m */ = {isa = PBXFileReference; fileEncoding = 4; lastKnownFileType = sourcecode.c.objc; path = JJComponentUpdateKitManager.m; sourceTree = "<group>"; };
		280ABE361C9A4C9100773A63 /* UIView+JJCUK.h */ = {isa = PBXFileReference; fileEncoding = 4; lastKnownFileType = sourcecode.c.h; path = "UIView+JJCUK.h"; sourceTree = "<group>"; };
		280ABE371C9A4C9100773A63 /* UIView+JJCUK.m */ = {isa = PBXFileReference; fileEncoding = 4; lastKnownFileType = sourcecode.c.objc; path = "UIView+JJCUK.m"; sourceTree = "<group>"; };
/* End PBXFileReference section */

/* Begin PBXFrameworksBuildPhase section */
		280ABE131C9A4B6400773A63 /* Frameworks */ = {
			isa = PBXFrameworksBuildPhase;
			buildActionMask = 2147483647;
			files = (
			);
			runOnlyForDeploymentPostprocessing = 0;
		};
/* End PBXFrameworksBuildPhase section */

/* Begin PBXGroup section */
		280ABE0D1C9A4B6400773A63 = {
			isa = PBXGroup;
			children = (
				280ABE221C9A4C9100773A63 /* JJComponentUpdateKit */,
				280ABE171C9A4B6400773A63 /* Products */,
			);
			sourceTree = "<group>";
		};
		280ABE171C9A4B6400773A63 /* Products */ = {
			isa = PBXGroup;
			children = (
				280ABE161C9A4B6400773A63 /* libJJComponentUpdateKit.a */,
			);
			name = Products;
			sourceTree = "<group>";
		};
		280ABE221C9A4C9100773A63 /* JJComponentUpdateKit */ = {
			isa = PBXGroup;
			children = (
				280ABE231C9A4C9100773A63 /* Component */,
				280ABE281C9A4C9100773A63 /* Function */,
				280ABE311C9A4C9100773A63 /* JJComponentUpdateKit.h */,
				280ABE321C9A4C9100773A63 /* Manager */,
				280ABE351C9A4C9100773A63 /* SystemCategory */,
			);
			path = JJComponentUpdateKit;
			sourceTree = "<group>";
		};
		280ABE231C9A4C9100773A63 /* Component */ = {
			isa = PBXGroup;
			children = (
				280ABE241C9A4C9100773A63 /* JJCUKComponentDataSource.h */,
				280ABE251C9A4C9100773A63 /* JJCUKComponentDelegate.h */,
				280ABE261C9A4C9100773A63 /* NSObject+JJCUK.h */,
				280ABE271C9A4C9100773A63 /* NSObject+JJCUK.m */,
			);
			path = Component;
			sourceTree = "<group>";
		};
		280ABE281C9A4C9100773A63 /* Function */ = {
			isa = PBXGroup;
			children = (
				280ABE291C9A4C9100773A63 /* JJCUKBaseFunction.h */,
				280ABE2A1C9A4C9100773A63 /* JJCUKBaseFunction.m */,
				280ABE2B1C9A4C9100773A63 /* JJCUKHashTableComponentsFunction.h */,
				280ABE2C1C9A4C9100773A63 /* JJCUKHashTableComponentsFunction.m */,
				280ABE2D1C9A4C9100773A63 /* JJCUKHashTableViewFunction.h */,
				280ABE2E1C9A4C9100773A63 /* JJCUKHashTableViewFunction.m */,
				280ABE2F1C9A4C9100773A63 /* JJCUKMapTableComponentsFunction.h */,
				280ABE301C9A4C9100773A63 /* JJCUKMapTableComponentsFunction.m */,
			);
			path = Function;
			sourceTree = "<group>";
		};
		280ABE321C9A4C9100773A63 /* Manager */ = {
			isa = PBXGroup;
			children = (
				280ABE331C9A4C9100773A63 /* JJComponentUpdateKitManager.h */,
				280ABE341C9A4C9100773A63 /* JJComponentUpdateKitManager.m */,
			);
			path = Manager;
			sourceTree = "<group>";
		};
		280ABE351C9A4C9100773A63 /* SystemCategory */ = {
			isa = PBXGroup;
			children = (
				280ABE361C9A4C9100773A63 /* UIView+JJCUK.h */,
				280ABE371C9A4C9100773A63 /* UIView+JJCUK.m */,
			);
			path = SystemCategory;
			sourceTree = "<group>";
		};
/* End PBXGroup section */

/* Begin PBXNativeTarget section */
		280ABE151C9A4B6400773A63 /* JJComponentUpdateKit */ = {
			isa = PBXNativeTarget;
			buildConfigurationList = 280ABE1F1C9A4B6400773A63 /* Build configuration list for PBXNativeTarget "JJComponentUpdateKit" */;
			buildPhases = (
				280ABE121C9A4B6400773A63 /* Sources */,
				280ABE131C9A4B6400773A63 /* Frameworks */,
				280ABE141C9A4B6400773A63 /* CopyFiles */,
			);
			buildRules = (
			);
			dependencies = (
			);
			name = JJComponentUpdateKit;
			productName = JJComponentUpdateKit;
			productReference = 280ABE161C9A4B6400773A63 /* libJJComponentUpdateKit.a */;
			productType = "com.apple.product-type.library.static";
		};
/* End PBXNativeTarget section */

/* Begin PBXProject section */
		280ABE0E1C9A4B6400773A63 /* Project object */ = {
			isa = PBXProject;
			attributes = {
				LastUpgradeCheck = 0720;
				ORGANIZATIONNAME = JJ;
				TargetAttributes = {
					280ABE151C9A4B6400773A63 = {
						CreatedOnToolsVersion = 7.2.1;
					};
				};
			};
			buildConfigurationList = 280ABE111C9A4B6400773A63 /* Build configuration list for PBXProject "JJComponentUpdateKit" */;
			compatibilityVersion = "Xcode 3.2";
			developmentRegion = English;
			hasScannedForEncodings = 0;
			knownRegions = (
				en,
			);
			mainGroup = 280ABE0D1C9A4B6400773A63;
			productRefGroup = 280ABE171C9A4B6400773A63 /* Products */;
			projectDirPath = "";
			projectRoot = "";
			targets = (
				280ABE151C9A4B6400773A63 /* JJComponentUpdateKit */,
			);
		};
/* End PBXProject section */

/* Begin PBXSourcesBuildPhase section */
		280ABE121C9A4B6400773A63 /* Sources */ = {
			isa = PBXSourcesBuildPhase;
			buildActionMask = 2147483647;
			files = (
				280ABE391C9A4C9100773A63 /* JJCUKBaseFunction.m in Sources */,
				280ABE3A1C9A4C9100773A63 /* JJCUKHashTableComponentsFunction.m in Sources */,
				280ABE381C9A4C9100773A63 /* NSObject+JJCUK.m in Sources */,
				280ABE3C1C9A4C9100773A63 /* JJCUKMapTableComponentsFunction.m in Sources */,
				280ABE3B1C9A4C9100773A63 /* JJCUKHashTableViewFunction.m in Sources */,
				280ABE3D1C9A4C9100773A63 /* JJComponentUpdateKitManager.m in Sources */,
				280ABE3E1C9A4C9100773A63 /* UIView+JJCUK.m in Sources */,
			);
			runOnlyForDeploymentPostprocessing = 0;
		};
/* End PBXSourcesBuildPhase section */

/* Begin XCBuildConfiguration section */
		280ABE1D1C9A4B6400773A63 /* Debug */ = {
			isa = XCBuildConfiguration;
			buildSettings = {
				ALWAYS_SEARCH_USER_PATHS = NO;
				CLANG_CXX_LANGUAGE_STANDARD = "gnu++0x";
				CLANG_CXX_LIBRARY = "libc++";
				CLANG_ENABLE_MODULES = YES;
				CLANG_ENABLE_OBJC_ARC = YES;
				CLANG_WARN_BOOL_CONVERSION = YES;
				CLANG_WARN_CONSTANT_CONVERSION = YES;
				CLANG_WARN_DIRECT_OBJC_ISA_USAGE = YES_ERROR;
				CLANG_WARN_EMPTY_BODY = YES;
				CLANG_WARN_ENUM_CONVERSION = YES;
				CLANG_WARN_INT_CONVERSION = YES;
				CLANG_WARN_OBJC_ROOT_CLASS = YES_ERROR;
				CLANG_WARN_UNREACHABLE_CODE = YES;
				CLANG_WARN__DUPLICATE_METHOD_MATCH = YES;
				"CODE_SIGN_IDENTITY[sdk=iphoneos*]" = "iPhone Developer";
				COPY_PHASE_STRIP = NO;
				DEBUG_INFORMATION_FORMAT = dwarf;
				ENABLE_STRICT_OBJC_MSGSEND = YES;
				ENABLE_TESTABILITY = YES;
				GCC_C_LANGUAGE_STANDARD = gnu99;
				GCC_DYNAMIC_NO_PIC = NO;
				GCC_NO_COMMON_BLOCKS = YES;
				GCC_OPTIMIZATION_LEVEL = 0;
				GCC_PREPROCESSOR_DEFINITIONS = (
					"DEBUG=1",
					"$(inherited)",
				);
				GCC_WARN_64_TO_32_BIT_CONVERSION = YES;
				GCC_WARN_ABOUT_RETURN_TYPE = YES_ERROR;
				GCC_WARN_UNDECLARED_SELECTOR = YES;
				GCC_WARN_UNINITIALIZED_AUTOS = YES_AGGRESSIVE;
				GCC_WARN_UNUSED_FUNCTION = YES;
				GCC_WARN_UNUSED_VARIABLE = YES;
				IPHONEOS_DEPLOYMENT_TARGET = 9.2;
				MTL_ENABLE_DEBUG_INFO = YES;
				ONLY_ACTIVE_ARCH = YES;
				SDKROOT = iphoneos;
			};
			name = Debug;
		};
		280ABE1E1C9A4B6400773A63 /* Release */ = {
			isa = XCBuildConfiguration;
			buildSettings = {
				ALWAYS_SEARCH_USER_PATHS = NO;
				CLANG_CXX_LANGUAGE_STANDARD = "gnu++0x";
				CLANG_CXX_LIBRARY = "libc++";
				CLANG_ENABLE_MODULES = YES;
				CLANG_ENABLE_OBJC_ARC = YES;
				CLANG_WARN_BOOL_CONVERSION = YES;
				CLANG_WARN_CONSTANT_CONVERSION = YES;
				CLANG_WARN_DIRECT_OBJC_ISA_USAGE = YES_ERROR;
				CLANG_WARN_EMPTY_BODY = YES;
				CLANG_WARN_ENUM_CONVERSION = YES;
				CLANG_WARN_INT_CONVERSION = YES;
				CLANG_WARN_OBJC_ROOT_CLASS = YES_ERROR;
				CLANG_WARN_UNREACHABLE_CODE = YES;
				CLANG_WARN__DUPLICATE_METHOD_MATCH = YES;
				"CODE_SIGN_IDENTITY[sdk=iphoneos*]" = "iPhone Developer";
				COPY_PHASE_STRIP = NO;
				DEBUG_INFORMATION_FORMAT = "dwarf-with-dsym";
				ENABLE_NS_ASSERTIONS = NO;
				ENABLE_STRICT_OBJC_MSGSEND = YES;
				GCC_C_LANGUAGE_STANDARD = gnu99;
				GCC_NO_COMMON_BLOCKS = YES;
				GCC_WARN_64_TO_32_BIT_CONVERSION = YES;
				GCC_WARN_ABOUT_RETURN_TYPE = YES_ERROR;
				GCC_WARN_UNDECLARED_SELECTOR = YES;
				GCC_WARN_UNINITIALIZED_AUTOS = YES_AGGRESSIVE;
				GCC_WARN_UNUSED_FUNCTION = YES;
				GCC_WARN_UNUSED_VARIABLE = YES;
				IPHONEOS_DEPLOYMENT_TARGET = 9.2;
				MTL_ENABLE_DEBUG_INFO = NO;
				SDKROOT = iphoneos;
				VALIDATE_PRODUCT = YES;
			};
			name = Release;
		};
		280ABE201C9A4B6400773A63 /* Debug */ = {
			isa = XCBuildConfiguration;
			buildSettings = {
				OTHER_LDFLAGS = "-ObjC";
				PRODUCT_NAME = "$(TARGET_NAME)";
				SKIP_INSTALL = YES;
			};
			name = Debug;
		};
		280ABE211C9A4B6400773A63 /* Release */ = {
			isa = XCBuildConfiguration;
			buildSettings = {
				OTHER_LDFLAGS = "-ObjC";
				PRODUCT_NAME = "$(TARGET_NAME)";
				SKIP_INSTALL = YES;
			};
			name = Release;
		};
/* End XCBuildConfiguration section */

/* Begin XCConfigurationList section */
		280ABE111C9A4B6400773A63 /* Build configuration list for PBXProject "JJComponentUpdateKit" */ = {
			isa = XCConfigurationList;
			buildConfigurations = (
				280ABE1D1C9A4B6400773A63 /* Debug */,
				280ABE1E1C9A4B6400773A63 /* Release */,
			);
			defaultConfigurationIsVisible = 0;
			defaultConfigurationName = Release;
		};
		280ABE1F1C9A4B6400773A63 /* Build configuration list for PBXNativeTarget "JJComponentUpdateKit" */ = {
			isa = XCConfigurationList;
			buildConfigurations = (
				280ABE201C9A4B6400773A63 /* Debug */,
				280ABE211C9A4B6400773A63 /* Release */,
			);
			defaultConfigurationIsVisible = 0;
		};
/* End XCConfigurationList section */
	};
	rootObject = 280ABE0E1C9A4B6400773A63 /* Project object */;
}
